PODS:
  - Realm (20.0.1):
    - Realm/Headers (= 20.0.1)
  - Realm/Headers (20.0.1)
  - SSZipArchive (2.4.3)

DEPENDENCIES:
  - Realm
  - SSZipArchive

SPEC REPOS:
  https://github.com/CocoaPods/Specs.git:
    - Realm
    - SSZipArchive

SPEC CHECKSUMS:
  Realm: 9572204903ef28caeb3c03bb30c1147f354ee3e7
  SSZipArchive: fe6a26b2a54d5a0890f2567b5cc6de5caa600aef

PODFILE CHECKSUM: 0c7d5bd9a3f1ea17710840ca7e99a97a53cba1f1

COCOAPODS: 1.16.2
